{
  "version": 4,
  "terraform_version": "0.12.12",
  "serial": 12,
  "lineage": "774f13ba-ad56-6c92-f568-99940115bb18",
  "outputs": {},
  "resources": [
    {
      "mode": "data",
      "type": "google_compute_image",
      "name": "my_image",
      "provider": "provider.google",
      "instances": [
        {
          "schema_version": 0,
          "attributes": {
            "archive_size_bytes": 10742329600,
            "creation_timestamp": "2019-10-15T10:46:34.737-07:00",
            "description": "Debian, Debian GNU/Linux, 9 (stretch), amd64 built on 20191014",
            "disk_size_gb": 10,
            "family": "debian-9",
            "id": "debian-cloud/family/debian-9",
            "image_encryption_key_sha256": "",
            "image_id": "1066371456160217878",
            "label_fingerprint": "42WmSpB8rSM=",
            "labels": {},
            "licenses": [
              "https://www.googleapis.com/compute/v1/projects/debian-cloud/global/licenses/debian-9-stretch"
            ],
            "name": "debian-9-stretch-v20191014",
            "project": "debian-cloud",
            "self_link": "https://www.googleapis.com/compute/v1/projects/debian-cloud/global/images/debian-9-stretch-v20191014",
            "source_disk": "",
            "source_disk_encryption_key_sha256": "",
            "source_disk_id": "",
            "source_image_id": "",
            "status": "READY"
          }
        }
      ]
    },
    {
      "mode": "managed",
      "type": "google_compute_firewall",
      "name": "default",
      "provider": "provider.google",
      "instances": [
        {
          "schema_version": 1,
          "attributes": {
            "allow": [
              {
                "ports": [
                  "22"
                ],
                "protocol": "tcp"
              }
            ],
            "creation_timestamp": "2019-10-28T18:01:40.827-07:00",
            "deny": [],
            "description": "",
            "destination_ranges": [],
            "direction": "INGRESS",
            "disabled": false,
            "id": "allow-ssh-from-iap",
            "name": "allow-ssh-from-iap",
            "network": "https://www.googleapis.com/compute/v1/projects/iap-demo-257400/global/networks/default",
            "priority": 1000,
            "project": "iap-demo-257400",
            "self_link": "https://www.googleapis.com/compute/v1/projects/iap-demo-257400/global/firewalls/allow-ssh-from-iap",
            "source_ranges": [
              "35.235.240.0/20"
            ],
            "source_service_accounts": [],
            "source_tags": [],
            "target_service_accounts": [],
            "target_tags": [],
            "timeouts": null
          },
          "private": "eyJlMmJmYjczMC1lY2FhLTExZTYtOGY4OC0zNDM2M2JjN2M0YzAiOnsiY3JlYXRlIjoyNDAwMDAwMDAwMDAsImRlbGV0ZSI6MjQwMDAwMDAwMDAwLCJ1cGRhdGUiOjI0MDAwMDAwMDAwMH0sInNjaGVtYV92ZXJzaW9uIjoiMSJ9"
        }
      ]
    },
    {
      "mode": "managed",
      "type": "google_compute_instance",
      "name": "default",
      "provider": "provider.google",
      "instances": [
        {
          "schema_version": 6,
          "attributes": {
            "allow_stopping_for_update": null,
            "attached_disk": [],
            "boot_disk": [
              {
                "auto_delete": true,
                "device_name": "persistent-disk-0",
                "disk_encryption_key_raw": "",
                "disk_encryption_key_sha256": "",
                "initialize_params": [
                  {
                    "image": "https://www.googleapis.com/compute/v1/projects/debian-cloud/global/images/debian-9-stretch-v20191014",
                    "labels": {},
                    "size": 10,
                    "type": "pd-standard"
                  }
                ],
                "kms_key_self_link": "",
                "mode": "READ_WRITE",
                "source": "https://www.googleapis.com/compute/v1/projects/iap-demo-257400/zones/us-central1-a/disks/iap-test"
              }
            ],
            "can_ip_forward": false,
            "cpu_platform": "Intel Haswell",
            "deletion_protection": false,
            "description": "",
            "disk": [],
            "guest_accelerator": [],
            "hostname": "",
            "id": "iap-test",
            "instance_id": "2123888770617577937",
            "label_fingerprint": "42WmSpB8rSM=",
            "labels": {},
            "machine_type": "n1-standard-1",
            "metadata": {},
            "metadata_fingerprint": "HTMSdc5cYxA=",
            "metadata_startup_script": "",
            "min_cpu_platform": "",
            "name": "iap-test",
            "network_interface": [
              {
                "access_config": [],
                "address": "",
                "alias_ip_range": [],
                "name": "nic0",
                "network": "https://www.googleapis.com/compute/v1/projects/iap-demo-257400/global/networks/default",
                "network_ip": "10.128.0.2",
                "subnetwork": "https://www.googleapis.com/compute/v1/projects/iap-demo-257400/regions/us-central1/subnetworks/default",
                "subnetwork_project": "iap-demo-257400"
              }
            ],
            "project": "iap-demo-257400",
            "scheduling": [
              {
                "automatic_restart": true,
                "node_affinities": [],
                "on_host_maintenance": "MIGRATE",
                "preemptible": false
              }
            ],
            "scratch_disk": [],
            "self_link": "https://www.googleapis.com/compute/v1/projects/iap-demo-257400/zones/us-central1-a/instances/iap-test",
            "service_account": [],
            "shielded_instance_config": [],
            "tags": [],
            "tags_fingerprint": "42WmSpB8rSM=",
            "timeouts": null,
            "zone": "us-central1-a"
          },
          "private": "eyJlMmJmYjczMC1lY2FhLTExZTYtOGY4OC0zNDM2M2JjN2M0YzAiOnsiY3JlYXRlIjoxMjAwMDAwMDAwMDAwLCJkZWxldGUiOjEyMDAwMDAwMDAwMDAsInVwZGF0ZSI6MTIwMDAwMDAwMDAwMH0sInNjaGVtYV92ZXJzaW9uIjoiNiJ9",
          "depends_on": [
            "data.google_compute_image.my_image"
          ]
        }
      ]
    },
    {
      "mode": "managed",
      "type": "google_iap_tunnel_instance_iam_member",
      "name": "instance",
      "provider": "provider.google-beta",
      "instances": [
        {
          "schema_version": 0,
          "attributes": {
            "etag": "BwWWBBEFiKI=",
            "id": "projects/25806862508/iap_tunnel/zones/us-central1-a/instances/iap-test/roles/iap.tunnelResourceAccessor/user:digitalkinesis@gmail.com",
            "instance": "iap-test",
            "member": "user:digitalkinesis@gmail.com",
            "project": null,
            "role": "roles/iap.tunnelResourceAccessor",
            "zone": "us-central1-a"
          },
          "private": "bnVsbA==",
          "depends_on": [
            "google_compute_instance.default"
          ]
        }
      ]
    },
    {
      "mode": "managed",
      "type": "google_project_iam_member",
      "name": "project",
      "each": "map",
      "provider": "provider.google",
      "instances": [
        {
          "index_key": "roles/compute.admin",
          "schema_version": 0,
          "attributes": {
            "etag": "BwWWBAluXJM=",
            "id": "iap-demo-257400/roles/compute.admin/user:digitalkinesis@gmail.com",
            "member": "user:digitalkinesis@gmail.com",
            "project": "iap-demo-257400",
            "role": "roles/compute.admin"
          },
          "private": "bnVsbA=="
        },
        {
          "index_key": "roles/iam.serviceAccountUser",
          "schema_version": 0,
          "attributes": {
            "etag": "BwWWBAluXJM=",
            "id": "iap-demo-257400/roles/iam.serviceAccountUser/user:digitalkinesis@gmail.com",
            "member": "user:digitalkinesis@gmail.com",
            "project": "iap-demo-257400",
            "role": "roles/iam.serviceAccountUser"
          },
          "private": "bnVsbA=="
        }
      ]
    }
  ]
}
